{
  "name": "glitch-classic",
  "lockfileVersion": 2,
  "requires": true,
  "packages": {
    "": {
      "dependencies": {
        "glitched-writer": "^2.0.29",
        "jquery": "^3.6.1"
      }
    },
    "node_modules/glitched-writer": {
      "version": "2.0.29",
      "resolved": "https://registry.npmjs.org/glitched-writer/-/glitched-writer-2.0.29.tgz",
      "integrity": "sha512-ItmmiFTSKVIbs/ngTLAszsu2czKYXYar54GgJcST5U6BH7sAaivG3fgDJFDIgNaau7rGadV5bLu3QThd5iAC8w=="
    },
    "node_modules/jquery": {
      "version": "3.6.1",
      "resolved": "https://registry.npmjs.org/jquery/-/jquery-3.6.1.tgz",
      "integrity": "sha512-opJeO4nCucVnsjiXOE+/PcCgYw9Gwpvs/a6B1LL/lQhwWwpbVEVYDZ1FokFr8PRc7ghYlrFPuyHuiiDNTQxmcw=="
    }
  },
  "dependencies": {
    "glitched-writer": {
      "version": "2.0.29",
      "resolved": "https://registry.npmjs.org/glitched-writer/-/glitched-writer-2.0.29.tgz",
      "integrity": "sha512-ItmmiFTSKVIbs/ngTLAszsu2czKYXYar54GgJcST5U6BH7sAaivG3fgDJFDIgNaau7rGadV5bLu3QThd5iAC8w=="
    },
    "jquery": {
      "version": "3.6.1",
      "resolved": "https://registry.npmjs.org/jquery/-/jquery-3.6.1.tgz",
      "integrity": "sha512-opJeO4nCucVnsjiXOE+/PcCgYw9Gwpvs/a6B1LL/lQhwWwpbVEVYDZ1FokFr8PRc7ghYlrFPuyHuiiDNTQxmcw=="
    }
  }
}
